
Microsoft Visual Studio Solution File, Format Version 12.00
# Visual Studio Version 16
VisualStudioVersion = 16.0.29613.14
MinimumVisualStudioVersion = 10.0.40219.1
Project("{9A19103F-16F7-4668-BE54-9A1E7A4F7556}") = "Reinforced.Tecture", "Reinforced.Tecture\Reinforced.Tecture.csproj", "{F738D6C7-FBD9-46FE-AAEA-6F2E84843F48}"
EndProject
Project("{9A19103F-16F7-4668-BE54-9A1E7A4F7556}") = "Reinforced.Tecture.Features.Orm", "Features\Reinforced.Tecture.Features.Orm\Reinforced.Tecture.Features.Orm.csproj", "{F33A4529-947C-429E-A2DF-44C0B3EB9E8C}"
EndProject
Project("{2150E333-8FDC-42A3-9474-1A3956D46DE8}") = "Features", "Features", "{6CD9A28F-A2F7-4E8D-B244-7CE5758F5297}"
EndProject
Project("{2150E333-8FDC-42A3-9474-1A3956D46DE8}") = "Runtimes", "Runtimes", "{0D7F1782-E14E-48CC-AA6D-85865D5F4E48}"
EndProject
Project("{9A19103F-16F7-4668-BE54-9A1E7A4F7556}") = "Reinforced.Tecture.Features.SqlStroke", "Features\Reinforced.Tecture.Features.SqlStroke\Reinforced.Tecture.Features.SqlStroke.csproj", "{E2893CA6-0EE7-4DC8-8F89-D91BFCEFD687}"
EndProject
Project("{9A19103F-16F7-4668-BE54-9A1E7A4F7556}") = "Reinforced.Tecture.Features.BulkSql", "Features\Reinforced.Tecture.Features.BulkSql\Reinforced.Tecture.Features.BulkSql.csproj", "{0A94190F-1AEB-4CE7-983B-F370429DA0AF}"
EndProject
Project("{9A19103F-16F7-4668-BE54-9A1E7A4F7556}") = "Reinforced.Tecture.Runtimes.EFCore", "Runtimes\Reinforced.Tecture.Runtimes.EFCore\Reinforced.Tecture.Runtimes.EFCore.csproj", "{F92CD47D-635F-42D1-9BE9-B0F0F4C69B1B}"
EndProject
Project("{2150E333-8FDC-42A3-9474-1A3956D46DE8}") = "Testing", "Testing", "{ED1AC9EF-8C46-498B-995B-7437F35AC556}"
EndProject
Project("{9A19103F-16F7-4668-BE54-9A1E7A4F7556}") = "Reinforced.Tecture.Testing", "Testing\Reinforced.Tecture.Testing\Reinforced.Tecture.Testing.csproj", "{E39FB889-218C-4255-A7E6-C7D7D5C54153}"
EndProject
Project("{2150E333-8FDC-42A3-9474-1A3956D46DE8}") = "Playground", "Playground", "{C424FF5E-3FC1-4C63-B9D9-31380D2AF82F}"
	ProjectSection(SolutionItems) = preProject
		Playground\Directory.Build.props = Playground\Directory.Build.props
	EndProjectSection
EndProject
Project("{9A19103F-16F7-4668-BE54-9A1E7A4F7556}") = "Reinforced.Samples.ToyFactory", "Playground\Reinforced.Samples.ToyFactory\Reinforced.Samples.ToyFactory.csproj", "{B1E33357-D290-430A-9038-E13C851DED1C}"
EndProject
Project("{9A19103F-16F7-4668-BE54-9A1E7A4F7556}") = "Reinforced.Samples.ToyFactory.Logic", "Playground\Domains\Reinforced.Samples.ToyFactory.Logic\Reinforced.Samples.ToyFactory.Logic.csproj", "{23C092B8-85BE-41CF-83EC-F96B07052053}"
EndProject
Project("{9A19103F-16F7-4668-BE54-9A1E7A4F7556}") = "Reinforced.Samples.ToyFactory.Data", "Playground\Reinforced.Samples.ToyFactory.Data\Reinforced.Samples.ToyFactory.Data.csproj", "{6A4B1E7F-2759-4D87-82EC-70B56DB0397D}"
EndProject
Project("{9A19103F-16F7-4668-BE54-9A1E7A4F7556}") = "Reinforced.Samples.ToyFactory.Tests", "Playground\Reinforced.Samples.ToyFactory.Tests\Reinforced.Samples.ToyFactory.Tests.csproj", "{AA5691BC-88C6-475A-91F5-3E1CBFCF0572}"
EndProject
Project("{9A19103F-16F7-4668-BE54-9A1E7A4F7556}") = "Reinforced.Samples.ToyFactory.Logic.Warehouse", "Playground\Domains\Reinforced.Samples.ToyFactory.Logic.Warehouse\Reinforced.Samples.ToyFactory.Logic.Warehouse.csproj", "{EEAD5F39-CACA-43FC-A506-DEBA7634424F}"
EndProject
Project("{2150E333-8FDC-42A3-9474-1A3956D46DE8}") = "Domains", "Domains", "{C26C1730-590B-416F-9258-8E3ABCB96388}"
EndProject
Project("{9A19103F-16F7-4668-BE54-9A1E7A4F7556}") = "Reinforced.Samples.ToyFactory.Logic.Channels", "Playground\Domains\Reinforced.Samples.ToyFactory.Logic.Channels\Reinforced.Samples.ToyFactory.Logic.Channels.csproj", "{06E27764-68A9-4F27-8C95-DD8C340280CB}"
EndProject
Project("{2150E333-8FDC-42A3-9474-1A3956D46DE8}") = "Solution Items", "Solution Items", "{6ADBA44C-5F5D-43F5-A3ED-15DC23DBED74}"
	ProjectSection(SolutionItems) = preProject
		Directory.Build.props = Directory.Build.props
	EndProjectSection
EndProject
Global
	GlobalSection(SolutionConfigurationPlatforms) = preSolution
		Debug|Any CPU = Debug|Any CPU
		Release|Any CPU = Release|Any CPU
	EndGlobalSection
	GlobalSection(ProjectConfigurationPlatforms) = postSolution
		{F738D6C7-FBD9-46FE-AAEA-6F2E84843F48}.Debug|Any CPU.ActiveCfg = Debug|Any CPU
		{F738D6C7-FBD9-46FE-AAEA-6F2E84843F48}.Debug|Any CPU.Build.0 = Debug|Any CPU
		{F738D6C7-FBD9-46FE-AAEA-6F2E84843F48}.Release|Any CPU.ActiveCfg = Release|Any CPU
		{F738D6C7-FBD9-46FE-AAEA-6F2E84843F48}.Release|Any CPU.Build.0 = Release|Any CPU
		{F33A4529-947C-429E-A2DF-44C0B3EB9E8C}.Debug|Any CPU.ActiveCfg = Debug|Any CPU
		{F33A4529-947C-429E-A2DF-44C0B3EB9E8C}.Debug|Any CPU.Build.0 = Debug|Any CPU
		{F33A4529-947C-429E-A2DF-44C0B3EB9E8C}.Release|Any CPU.ActiveCfg = Release|Any CPU
		{F33A4529-947C-429E-A2DF-44C0B3EB9E8C}.Release|Any CPU.Build.0 = Release|Any CPU
		{E2893CA6-0EE7-4DC8-8F89-D91BFCEFD687}.Debug|Any CPU.ActiveCfg = Debug|Any CPU
		{E2893CA6-0EE7-4DC8-8F89-D91BFCEFD687}.Debug|Any CPU.Build.0 = Debug|Any CPU
		{E2893CA6-0EE7-4DC8-8F89-D91BFCEFD687}.Release|Any CPU.ActiveCfg = Release|Any CPU
		{E2893CA6-0EE7-4DC8-8F89-D91BFCEFD687}.Release|Any CPU.Build.0 = Release|Any CPU
		{0A94190F-1AEB-4CE7-983B-F370429DA0AF}.Debug|Any CPU.ActiveCfg = Debug|Any CPU
		{0A94190F-1AEB-4CE7-983B-F370429DA0AF}.Debug|Any CPU.Build.0 = Debug|Any CPU
		{0A94190F-1AEB-4CE7-983B-F370429DA0AF}.Release|Any CPU.ActiveCfg = Release|Any CPU
		{0A94190F-1AEB-4CE7-983B-F370429DA0AF}.Release|Any CPU.Build.0 = Release|Any CPU
		{F92CD47D-635F-42D1-9BE9-B0F0F4C69B1B}.Debug|Any CPU.ActiveCfg = Debug|Any CPU
		{F92CD47D-635F-42D1-9BE9-B0F0F4C69B1B}.Debug|Any CPU.Build.0 = Debug|Any CPU
		{F92CD47D-635F-42D1-9BE9-B0F0F4C69B1B}.Release|Any CPU.ActiveCfg = Release|Any CPU
		{F92CD47D-635F-42D1-9BE9-B0F0F4C69B1B}.Release|Any CPU.Build.0 = Release|Any CPU
		{E39FB889-218C-4255-A7E6-C7D7D5C54153}.Debug|Any CPU.ActiveCfg = Debug|Any CPU
		{E39FB889-218C-4255-A7E6-C7D7D5C54153}.Debug|Any CPU.Build.0 = Debug|Any CPU
		{E39FB889-218C-4255-A7E6-C7D7D5C54153}.Release|Any CPU.ActiveCfg = Release|Any CPU
		{E39FB889-218C-4255-A7E6-C7D7D5C54153}.Release|Any CPU.Build.0 = Release|Any CPU
		{B1E33357-D290-430A-9038-E13C851DED1C}.Debug|Any CPU.ActiveCfg = Debug|Any CPU
		{B1E33357-D290-430A-9038-E13C851DED1C}.Debug|Any CPU.Build.0 = Debug|Any CPU
		{B1E33357-D290-430A-9038-E13C851DED1C}.Release|Any CPU.ActiveCfg = Release|Any CPU
		{B1E33357-D290-430A-9038-E13C851DED1C}.Release|Any CPU.Build.0 = Release|Any CPU
		{23C092B8-85BE-41CF-83EC-F96B07052053}.Debug|Any CPU.ActiveCfg = Debug|Any CPU
		{23C092B8-85BE-41CF-83EC-F96B07052053}.Debug|Any CPU.Build.0 = Debug|Any CPU
		{23C092B8-85BE-41CF-83EC-F96B07052053}.Release|Any CPU.ActiveCfg = Release|Any CPU
		{23C092B8-85BE-41CF-83EC-F96B07052053}.Release|Any CPU.Build.0 = Release|Any CPU
		{6A4B1E7F-2759-4D87-82EC-70B56DB0397D}.Debug|Any CPU.ActiveCfg = Debug|Any CPU
		{6A4B1E7F-2759-4D87-82EC-70B56DB0397D}.Debug|Any CPU.Build.0 = Debug|Any CPU
		{6A4B1E7F-2759-4D87-82EC-70B56DB0397D}.Release|Any CPU.ActiveCfg = Release|Any CPU
		{6A4B1E7F-2759-4D87-82EC-70B56DB0397D}.Release|Any CPU.Build.0 = Release|Any CPU
		{AA5691BC-88C6-475A-91F5-3E1CBFCF0572}.Debug|Any CPU.ActiveCfg = Debug|Any CPU
		{AA5691BC-88C6-475A-91F5-3E1CBFCF0572}.Debug|Any CPU.Build.0 = Debug|Any CPU
		{AA5691BC-88C6-475A-91F5-3E1CBFCF0572}.Release|Any CPU.ActiveCfg = Release|Any CPU
		{AA5691BC-88C6-475A-91F5-3E1CBFCF0572}.Release|Any CPU.Build.0 = Release|Any CPU
		{EEAD5F39-CACA-43FC-A506-DEBA7634424F}.Debug|Any CPU.ActiveCfg = Debug|Any CPU
		{EEAD5F39-CACA-43FC-A506-DEBA7634424F}.Debug|Any CPU.Build.0 = Debug|Any CPU
		{EEAD5F39-CACA-43FC-A506-DEBA7634424F}.Release|Any CPU.ActiveCfg = Release|Any CPU
		{EEAD5F39-CACA-43FC-A506-DEBA7634424F}.Release|Any CPU.Build.0 = Release|Any CPU
		{06E27764-68A9-4F27-8C95-DD8C340280CB}.Debug|Any CPU.ActiveCfg = Debug|Any CPU
		{06E27764-68A9-4F27-8C95-DD8C340280CB}.Debug|Any CPU.Build.0 = Debug|Any CPU
		{06E27764-68A9-4F27-8C95-DD8C340280CB}.Release|Any CPU.ActiveCfg = Release|Any CPU
		{06E27764-68A9-4F27-8C95-DD8C340280CB}.Release|Any CPU.Build.0 = Release|Any CPU
	EndGlobalSection
	GlobalSection(SolutionProperties) = preSolution
		HideSolutionNode = FALSE
	EndGlobalSection
	GlobalSection(NestedProjects) = preSolution
		{F33A4529-947C-429E-A2DF-44C0B3EB9E8C} = {6CD9A28F-A2F7-4E8D-B244-7CE5758F5297}
		{E2893CA6-0EE7-4DC8-8F89-D91BFCEFD687} = {6CD9A28F-A2F7-4E8D-B244-7CE5758F5297}
		{0A94190F-1AEB-4CE7-983B-F370429DA0AF} = {6CD9A28F-A2F7-4E8D-B244-7CE5758F5297}
		{F92CD47D-635F-42D1-9BE9-B0F0F4C69B1B} = {0D7F1782-E14E-48CC-AA6D-85865D5F4E48}
		{E39FB889-218C-4255-A7E6-C7D7D5C54153} = {ED1AC9EF-8C46-498B-995B-7437F35AC556}
		{B1E33357-D290-430A-9038-E13C851DED1C} = {C424FF5E-3FC1-4C63-B9D9-31380D2AF82F}
		{23C092B8-85BE-41CF-83EC-F96B07052053} = {C26C1730-590B-416F-9258-8E3ABCB96388}
		{6A4B1E7F-2759-4D87-82EC-70B56DB0397D} = {C424FF5E-3FC1-4C63-B9D9-31380D2AF82F}
		{AA5691BC-88C6-475A-91F5-3E1CBFCF0572} = {C424FF5E-3FC1-4C63-B9D9-31380D2AF82F}
		{EEAD5F39-CACA-43FC-A506-DEBA7634424F} = {C26C1730-590B-416F-9258-8E3ABCB96388}
		{C26C1730-590B-416F-9258-8E3ABCB96388} = {C424FF5E-3FC1-4C63-B9D9-31380D2AF82F}
		{06E27764-68A9-4F27-8C95-DD8C340280CB} = {C26C1730-590B-416F-9258-8E3ABCB96388}
	EndGlobalSection
	GlobalSection(ExtensibilityGlobals) = postSolution
		SolutionGuid = {39A37FE4-0B08-4971-AEEB-2C01BBA315FD}
	EndGlobalSection
EndGlobal
