
Microsoft Visual Studio Solution File, Format Version 12.00
# Visual Studio 15
VisualStudioVersion = 15.0.28010.2050
MinimumVisualStudioVersion = 10.0.40219.1
Project("{9A19103F-16F7-4668-BE54-9A1E7A4F7556}") = "Reinforced.Tecture", "Reinforced.Tecture\Reinforced.Tecture.csproj", "{F738D6C7-FBD9-46FE-AAEA-6F2E84843F48}"
EndProject
Project("{FAE04EC0-301F-11D3-BF4B-00C04F79EFBC}") = "Reinforced.Tecture.Orm", "Reinforced.Tecture.Orm\Reinforced.Tecture.Orm.csproj", "{F33A4529-947C-429E-A2DF-44C0B3EB9E8C}"
EndProject
Global
	GlobalSection(SolutionConfigurationPlatforms) = preSolution
		Debug|Any CPU = Debug|Any CPU
		Release|Any CPU = Release|Any CPU
	EndGlobalSection
	GlobalSection(ProjectConfigurationPlatforms) = postSolution
		{F738D6C7-FBD9-46FE-AAEA-6F2E84843F48}.Debug|Any CPU.ActiveCfg = Debug|Any CPU
		{F738D6C7-FBD9-46FE-AAEA-6F2E84843F48}.Debug|Any CPU.Build.0 = Debug|Any CPU
		{F738D6C7-FBD9-46FE-AAEA-6F2E84843F48}.Release|Any CPU.ActiveCfg = Release|Any CPU
		{F738D6C7-FBD9-46FE-AAEA-6F2E84843F48}.Release|Any CPU.Build.0 = Release|Any CPU
		{F33A4529-947C-429E-A2DF-44C0B3EB9E8C}.Debug|Any CPU.ActiveCfg = Debug|Any CPU
		{F33A4529-947C-429E-A2DF-44C0B3EB9E8C}.Debug|Any CPU.Build.0 = Debug|Any CPU
		{F33A4529-947C-429E-A2DF-44C0B3EB9E8C}.Release|Any CPU.ActiveCfg = Release|Any CPU
		{F33A4529-947C-429E-A2DF-44C0B3EB9E8C}.Release|Any CPU.Build.0 = Release|Any CPU
	EndGlobalSection
	GlobalSection(SolutionProperties) = preSolution
		HideSolutionNode = FALSE
	EndGlobalSection
	GlobalSection(ExtensibilityGlobals) = postSolution
		SolutionGuid = {39A37FE4-0B08-4971-AEEB-2C01BBA315FD}
	EndGlobalSection
EndGlobal
