
Microsoft Visual Studio Solution File, Format Version 12.00
# Visual Studio 15
VisualStudioVersion = 15.0.27703.2026
MinimumVisualStudioVersion = 10.0.40219.1
Project("{FAE04EC0-301F-11D3-BF4B-00C04F79EFBC}") = "Reinforced.Storage", "Reinforced.Storage\Reinforced.Storage.csproj", "{D95EB0CD-8553-4E09-A1BC-100B7D523FE4}"
EndProject
Project("{FAE04EC0-301F-11D3-BF4B-00C04F79EFBC}") = "Reinforced.Storage.Defaults", "Reinforced.Storage.Defaults\Reinforced.Storage.Defaults.csproj", "{F0D8824B-7A39-493E-869D-4F6505B105F1}"
EndProject
Project("{FAE04EC0-301F-11D3-BF4B-00C04F79EFBC}") = "Reinforced.Storage.Playground", "Reinforced.Storage.Playground\Reinforced.Storage.Playground.csproj", "{0E8AD08D-A971-486B-9A70-1212A96D50AE}"
EndProject
Project("{9A19103F-16F7-4668-BE54-9A1E7A4F7556}") = "Reinforced.Storage.Core", "Reinforced.Storage\Reinforced.Storage.Core.csproj", "{800C0D2C-CD95-447C-8A2A-B8919FBC5158}"
EndProject
Project("{FAE04EC0-301F-11D3-BF4B-00C04F79EFBC}") = "Reinforced.Storage.TestCodeMaker", "Reinforced.Storage.TestDataMaker\Reinforced.Storage.TestCodeMaker.csproj", "{6050FEAC-B93E-4549-9DD9-C0194A3CC731}"
EndProject
Global
	GlobalSection(SolutionConfigurationPlatforms) = preSolution
		Debug|Any CPU = Debug|Any CPU
		Release|Any CPU = Release|Any CPU
	EndGlobalSection
	GlobalSection(ProjectConfigurationPlatforms) = postSolution
		{D95EB0CD-8553-4E09-A1BC-100B7D523FE4}.Debug|Any CPU.ActiveCfg = Debug|Any CPU
		{D95EB0CD-8553-4E09-A1BC-100B7D523FE4}.Debug|Any CPU.Build.0 = Debug|Any CPU
		{D95EB0CD-8553-4E09-A1BC-100B7D523FE4}.Release|Any CPU.ActiveCfg = Release|Any CPU
		{D95EB0CD-8553-4E09-A1BC-100B7D523FE4}.Release|Any CPU.Build.0 = Release|Any CPU
		{F0D8824B-7A39-493E-869D-4F6505B105F1}.Debug|Any CPU.ActiveCfg = Debug|Any CPU
		{F0D8824B-7A39-493E-869D-4F6505B105F1}.Debug|Any CPU.Build.0 = Debug|Any CPU
		{F0D8824B-7A39-493E-869D-4F6505B105F1}.Release|Any CPU.ActiveCfg = Release|Any CPU
		{F0D8824B-7A39-493E-869D-4F6505B105F1}.Release|Any CPU.Build.0 = Release|Any CPU
		{0E8AD08D-A971-486B-9A70-1212A96D50AE}.Debug|Any CPU.ActiveCfg = Debug|Any CPU
		{0E8AD08D-A971-486B-9A70-1212A96D50AE}.Debug|Any CPU.Build.0 = Debug|Any CPU
		{0E8AD08D-A971-486B-9A70-1212A96D50AE}.Release|Any CPU.ActiveCfg = Release|Any CPU
		{0E8AD08D-A971-486B-9A70-1212A96D50AE}.Release|Any CPU.Build.0 = Release|Any CPU
		{800C0D2C-CD95-447C-8A2A-B8919FBC5158}.Debug|Any CPU.ActiveCfg = Debug|Any CPU
		{800C0D2C-CD95-447C-8A2A-B8919FBC5158}.Debug|Any CPU.Build.0 = Debug|Any CPU
		{800C0D2C-CD95-447C-8A2A-B8919FBC5158}.Release|Any CPU.ActiveCfg = Release|Any CPU
		{800C0D2C-CD95-447C-8A2A-B8919FBC5158}.Release|Any CPU.Build.0 = Release|Any CPU
		{6050FEAC-B93E-4549-9DD9-C0194A3CC731}.Debug|Any CPU.ActiveCfg = Debug|Any CPU
		{6050FEAC-B93E-4549-9DD9-C0194A3CC731}.Debug|Any CPU.Build.0 = Debug|Any CPU
		{6050FEAC-B93E-4549-9DD9-C0194A3CC731}.Release|Any CPU.ActiveCfg = Release|Any CPU
		{6050FEAC-B93E-4549-9DD9-C0194A3CC731}.Release|Any CPU.Build.0 = Release|Any CPU
	EndGlobalSection
	GlobalSection(SolutionProperties) = preSolution
		HideSolutionNode = FALSE
	EndGlobalSection
	GlobalSection(ExtensibilityGlobals) = postSolution
		SolutionGuid = {1A3BCC63-508C-412B-8FBF-90026ACF29CF}
	EndGlobalSection
EndGlobal
