
Microsoft Visual Studio Solution File, Format Version 12.00
# Visual Studio Version 16
VisualStudioVersion = 16.0.29613.14
MinimumVisualStudioVersion = 10.0.40219.1
Project("{9A19103F-16F7-4668-BE54-9A1E7A4F7556}") = "Reinforced.Tecture.CleanPlayground", "..\Reinforced.Tecture.CleanPlayground\Reinforced.Tecture.CleanPlayground.csproj", "{A42D8A83-4903-49CE-99D2-C7E9E1F00B5C}"
EndProject
Global
	GlobalSection(SolutionConfigurationPlatforms) = preSolution
		Debug|Any CPU = Debug|Any CPU
		Release|Any CPU = Release|Any CPU
	EndGlobalSection
	GlobalSection(ProjectConfigurationPlatforms) = postSolution
		{A42D8A83-4903-49CE-99D2-C7E9E1F00B5C}.Debug|Any CPU.ActiveCfg = Debug|Any CPU
		{A42D8A83-4903-49CE-99D2-C7E9E1F00B5C}.Debug|Any CPU.Build.0 = Debug|Any CPU
		{A42D8A83-4903-49CE-99D2-C7E9E1F00B5C}.Release|Any CPU.ActiveCfg = Release|Any CPU
		{A42D8A83-4903-49CE-99D2-C7E9E1F00B5C}.Release|Any CPU.Build.0 = Release|Any CPU
	EndGlobalSection
	GlobalSection(SolutionProperties) = preSolution
		HideSolutionNode = FALSE
	EndGlobalSection
	GlobalSection(ExtensibilityGlobals) = postSolution
		SolutionGuid = {0FF44B57-2594-40AF-9925-56C4DCB6DEE4}
	EndGlobalSection
EndGlobal
